
Microsoft Visual Studio Solution File, Format Version 12.00
# Visual Studio Version 16
VisualStudioVersion = 16.0.29920.165
MinimumVisualStudioVersion = 10.0.40219.1
Project("{FAE04EC0-301F-11D3-BF4B-00C04F79EFBC}") = "Model", "Model\Model.csproj", "{9591AB89-0E7C-4B05-94AE-4E1F47739BDA}"
EndProject
Global
	GlobalSection(SolutionConfigurationPlatforms) = preSolution
		Debug|Any CPU = Debug|Any CPU
		Release|Any CPU = Release|Any CPU
	EndGlobalSection
	GlobalSection(ProjectConfigurationPlatforms) = postSolution
		{9591AB89-0E7C-4B05-94AE-4E1F47739BDA}.Debug|Any CPU.ActiveCfg = Debug|Any CPU
		{9591AB89-0E7C-4B05-94AE-4E1F47739BDA}.Debug|Any CPU.Build.0 = Debug|Any CPU
		{9591AB89-0E7C-4B05-94AE-4E1F47739BDA}.Release|Any CPU.ActiveCfg = Release|Any CPU
		{9591AB89-0E7C-4B05-94AE-4E1F47739BDA}.Release|Any CPU.Build.0 = Release|Any CPU
	EndGlobalSection
	GlobalSection(SolutionProperties) = preSolution
		HideSolutionNode = FALSE
	EndGlobalSection
	GlobalSection(ExtensibilityGlobals) = postSolution
		SolutionGuid = {DC8E0BDF-1C2D-4CA3-B1C9-803D0A21116B}
	EndGlobalSection
EndGlobal
